# This file was autogenerated by Stack.
# You should not edit this file by hand.
# For more information, please see the documentation at:
#   https://docs.haskellstack.org/en/stable/lock_files

packages:
- completed:
    hackage: http-conduit-2.3.8@sha256:5a5f23a594dc47754d8670de5b6dffbdf1849417ce9f0a41c4d77ea52232c255,3110
    pantry-tree:
      size: 784
      sha256: 5e8acb3ec6325e9bbb6624f831932a3d770e8e062b2ed314d69f3b3dab61dc88
  original:
    hackage: http-conduit-2.3.8@sha256:5a5f23a594dc47754d8670de5b6dffbdf1849417ce9f0a41c4d77ea52232c255,3110
- completed:
    hackage: http-client-0.7.13.1@sha256:ecc9168d47a48ab1f895efe7aff50217a185b5591afad7559f8356e74e581ac0,5596
    pantry-tree:
      size: 2547
      sha256: 604049280a6397095c5b4e206aa1411971b8e66e0cf007b7fb7ece7293352b12
  original:
    hackage: http-client-0.7.13.1@sha256:ecc9168d47a48ab1f895efe7aff50217a185b5591afad7559f8356e74e581ac0,5596
snapshots:
- completed:
    size: 534126
    url: https://raw.githubusercontent.com/commercialhaskell/stackage-snapshots/master/lts/16/31.yaml
    sha256: 637fb77049b25560622a224845b7acfe81a09fdb6a96a3c75997a10b651667f6
  original:
    url: https://raw.githubusercontent.com/commercialhaskell/stackage-snapshots/master/lts/16/31.yaml
